
Microsoft Visual Studio Solution File, Format Version 12.00
# Visual Studio Version 16
VisualStudioVersion = 16.0.31112.23
MinimumVisualStudioVersion = 10.0.40219.1
Project("{2150E333-8FDC-42A3-9474-1A3956D46DE8}") = "Services", "Services", "{88BD65D0-D3B9-4451-AC03-366AAA9C6A26}"
EndProject
Project("{2150E333-8FDC-42A3-9474-1A3956D46DE8}") = "Catalog", "Catalog", "{EB42038C-B18B-4AF0-B050-01246779D861}"
EndProject
Project("{9A19103F-16F7-4668-BE54-9A1E7A4F7556}") = "Catalog.API", "Services\Catalog\Catalog.API\Catalog.API.csproj", "{4E27A923-FF94-4674-BCB3-F2BD8153F672}"
EndProject
Project("{E53339B2-1760-4266-BCC7-CA923CBCF16C}") = "docker-compose", "docker-compose.dcproj", "{5F76D8D7-08CB-4FA1-8FA3-05C0BE66CD70}"
EndProject
Project("{2150E333-8FDC-42A3-9474-1A3956D46DE8}") = "Basket", "Basket", "{0D52F1E1-A886-44C1-B49D-46DA2AD05E91}"
EndProject
Project("{9A19103F-16F7-4668-BE54-9A1E7A4F7556}") = "Basket.API", "Services\Basket\Basket.API\Basket.API.csproj", "{BBE4F7D9-604E-4F1A-93A6-8A02BA363E30}"
EndProject
Project("{2150E333-8FDC-42A3-9474-1A3956D46DE8}") = "Discount", "Discount", "{B9D37EF3-BADB-411D-B572-764AEB8D3425}"
EndProject
Project("{9A19103F-16F7-4668-BE54-9A1E7A4F7556}") = "Discount.API", "Services\Discount\Discount.API\Discount.API.csproj", "{526E88BD-642C-4A41-BF53-F9572CC68A26}"
EndProject
Global
	GlobalSection(SolutionConfigurationPlatforms) = preSolution
		Debug|Any CPU = Debug|Any CPU
		Release|Any CPU = Release|Any CPU
	EndGlobalSection
	GlobalSection(ProjectConfigurationPlatforms) = postSolution
		{4E27A923-FF94-4674-BCB3-F2BD8153F672}.Debug|Any CPU.ActiveCfg = Debug|Any CPU
		{4E27A923-FF94-4674-BCB3-F2BD8153F672}.Debug|Any CPU.Build.0 = Debug|Any CPU
		{4E27A923-FF94-4674-BCB3-F2BD8153F672}.Release|Any CPU.ActiveCfg = Release|Any CPU
		{4E27A923-FF94-4674-BCB3-F2BD8153F672}.Release|Any CPU.Build.0 = Release|Any CPU
		{5F76D8D7-08CB-4FA1-8FA3-05C0BE66CD70}.Debug|Any CPU.ActiveCfg = Debug|Any CPU
		{5F76D8D7-08CB-4FA1-8FA3-05C0BE66CD70}.Debug|Any CPU.Build.0 = Debug|Any CPU
		{5F76D8D7-08CB-4FA1-8FA3-05C0BE66CD70}.Release|Any CPU.ActiveCfg = Release|Any CPU
		{5F76D8D7-08CB-4FA1-8FA3-05C0BE66CD70}.Release|Any CPU.Build.0 = Release|Any CPU
		{BBE4F7D9-604E-4F1A-93A6-8A02BA363E30}.Debug|Any CPU.ActiveCfg = Debug|Any CPU
		{BBE4F7D9-604E-4F1A-93A6-8A02BA363E30}.Debug|Any CPU.Build.0 = Debug|Any CPU
		{BBE4F7D9-604E-4F1A-93A6-8A02BA363E30}.Release|Any CPU.ActiveCfg = Release|Any CPU
		{BBE4F7D9-604E-4F1A-93A6-8A02BA363E30}.Release|Any CPU.Build.0 = Release|Any CPU
		{526E88BD-642C-4A41-BF53-F9572CC68A26}.Debug|Any CPU.ActiveCfg = Debug|Any CPU
		{526E88BD-642C-4A41-BF53-F9572CC68A26}.Debug|Any CPU.Build.0 = Debug|Any CPU
		{526E88BD-642C-4A41-BF53-F9572CC68A26}.Release|Any CPU.ActiveCfg = Release|Any CPU
		{526E88BD-642C-4A41-BF53-F9572CC68A26}.Release|Any CPU.Build.0 = Release|Any CPU
	EndGlobalSection
	GlobalSection(SolutionProperties) = preSolution
		HideSolutionNode = FALSE
	EndGlobalSection
	GlobalSection(NestedProjects) = preSolution
		{EB42038C-B18B-4AF0-B050-01246779D861} = {88BD65D0-D3B9-4451-AC03-366AAA9C6A26}
		{4E27A923-FF94-4674-BCB3-F2BD8153F672} = {EB42038C-B18B-4AF0-B050-01246779D861}
		{0D52F1E1-A886-44C1-B49D-46DA2AD05E91} = {88BD65D0-D3B9-4451-AC03-366AAA9C6A26}
		{BBE4F7D9-604E-4F1A-93A6-8A02BA363E30} = {0D52F1E1-A886-44C1-B49D-46DA2AD05E91}
		{B9D37EF3-BADB-411D-B572-764AEB8D3425} = {88BD65D0-D3B9-4451-AC03-366AAA9C6A26}
		{526E88BD-642C-4A41-BF53-F9572CC68A26} = {B9D37EF3-BADB-411D-B572-764AEB8D3425}
	EndGlobalSection
	GlobalSection(ExtensibilityGlobals) = postSolution
		SolutionGuid = {02EB4AA8-860B-4D8E-B5A8-6B5C814C177B}
	EndGlobalSection
EndGlobal
